
Microsoft Visual Studio Solution File, Format Version 12.00
# Visual Studio 2012
Project("{FAE04EC0-301F-11D3-BF4B-00C04F79EFBC}") = "Oakie2", "Oakie2\Oakie2.csproj", "{6EE861E8-C65F-4525-8C7B-F0A9D715AA3B}"
EndProject
Global
	GlobalSection(SolutionConfigurationPlatforms) = preSolution
		Debug|Any CPU = Debug|Any CPU
		Release|Any CPU = Release|Any CPU
	EndGlobalSection
	GlobalSection(ProjectConfigurationPlatforms) = postSolution
		{6EE861E8-C65F-4525-8C7B-F0A9D715AA3B}.Debug|Any CPU.ActiveCfg = Debug|Any CPU
		{6EE861E8-C65F-4525-8C7B-F0A9D715AA3B}.Debug|Any CPU.Build.0 = Debug|Any CPU
		{6EE861E8-C65F-4525-8C7B-F0A9D715AA3B}.Release|Any CPU.ActiveCfg = Release|Any CPU
		{6EE861E8-C65F-4525-8C7B-F0A9D715AA3B}.Release|Any CPU.Build.0 = Release|Any CPU
	EndGlobalSection
	GlobalSection(SolutionProperties) = preSolution
		HideSolutionNode = FALSE
	EndGlobalSection
EndGlobal
